
Microsoft Visual Studio Solution File, Format Version 12.00
# Visual Studio Version 17
VisualStudioVersion = 17.14.36221.1
MinimumVisualStudioVersion = 10.0.40219.1
Project("{FAE04EC0-301F-11D3-BF4B-00C04F79EFBC}") = "star-wars-api", "star-wars-api\star-wars-api.csproj", "{6AE033FE-07D2-40BD-80EE-E65102218259}"
EndProject
Project("{FAE04EC0-301F-11D3-BF4B-00C04F79EFBC}") = "star-wars.entity", "star-wars.entity\star-wars.entity.csproj", "{F20FA329-B997-4381-BDA3-4FEFF8E7C758}"
EndProject
Project("{2150E333-8FDC-42A3-9474-1A3956D46DE8}") = "Solution Items", "Solution Items", "{02EA681E-C7D8-13C7-8484-4AC65E1B71E8}"
	ProjectSection(SolutionItems) = preProject
		.dockerignore = .dockerignore
		.editorconfig = .editorconfig
		star-wars-api\Dockerfile = star-wars-api\Dockerfile
	EndProjectSection
EndProject
Project("{FAE04EC0-301F-11D3-BF4B-00C04F79EFBC}") = "starship.test", "starship.test\starship.test.csproj", "{D29D2BBC-A4D8-4929-ACE5-E2DD1439B085}"
EndProject
Global
	GlobalSection(SolutionConfigurationPlatforms) = preSolution
		Debug|Any CPU = Debug|Any CPU
		Release|Any CPU = Release|Any CPU
	EndGlobalSection
	GlobalSection(ProjectConfigurationPlatforms) = postSolution
		{6AE033FE-07D2-40BD-80EE-E65102218259}.Debug|Any CPU.ActiveCfg = Debug|Any CPU
		{6AE033FE-07D2-40BD-80EE-E65102218259}.Debug|Any CPU.Build.0 = Debug|Any CPU
		{6AE033FE-07D2-40BD-80EE-E65102218259}.Release|Any CPU.ActiveCfg = Release|Any CPU
		{6AE033FE-07D2-40BD-80EE-E65102218259}.Release|Any CPU.Build.0 = Release|Any CPU
		{F20FA329-B997-4381-BDA3-4FEFF8E7C758}.Debug|Any CPU.ActiveCfg = Debug|Any CPU
		{F20FA329-B997-4381-BDA3-4FEFF8E7C758}.Debug|Any CPU.Build.0 = Debug|Any CPU
		{F20FA329-B997-4381-BDA3-4FEFF8E7C758}.Release|Any CPU.ActiveCfg = Release|Any CPU
		{F20FA329-B997-4381-BDA3-4FEFF8E7C758}.Release|Any CPU.Build.0 = Release|Any CPU
		{D29D2BBC-A4D8-4929-ACE5-E2DD1439B085}.Debug|Any CPU.ActiveCfg = Debug|Any CPU
		{D29D2BBC-A4D8-4929-ACE5-E2DD1439B085}.Debug|Any CPU.Build.0 = Debug|Any CPU
		{D29D2BBC-A4D8-4929-ACE5-E2DD1439B085}.Release|Any CPU.ActiveCfg = Release|Any CPU
		{D29D2BBC-A4D8-4929-ACE5-E2DD1439B085}.Release|Any CPU.Build.0 = Release|Any CPU
	EndGlobalSection
	GlobalSection(SolutionProperties) = preSolution
		HideSolutionNode = FALSE
	EndGlobalSection
	GlobalSection(ExtensibilityGlobals) = postSolution
		SolutionGuid = {0BDD700E-24B0-49EC-A235-E5DAA82E61FB}
	EndGlobalSection
EndGlobal
